
Microsoft Visual Studio Solution File, Format Version 12.00
Project("{FAE04EC0-301F-11D3-BF4B-00C04F79EFBC}") = "MAI.Api", "MAI.Api\MAI.Api.csproj", "{F03E5584-2ACF-4E62-9499-2ECE29F21630}"
EndProject
Project("{FAE04EC0-301F-11D3-BF4B-00C04F79EFBC}") = "MAI.BusinessLogic", "MAI.BusinessLogic\MAI.BusinessLogic.csproj", "{FC13A86C-0A81-471B-AD5B-292AF28BA706}"
EndProject
Project("{FAE04EC0-301F-11D3-BF4B-00C04F79EFBC}") = "MAI.DataAccessLayer", "MAI.DataAccessLayer\MAI.DataAccessLayer.csproj", "{73DBFB23-8262-4526-98BE-403FF63B1023}"
EndProject
Project("{FAE04EC0-301F-11D3-BF4B-00C04F79EFBC}") = "MAI.Domain", "MAI.Domain\MAI.Domain.csproj", "{0F844B46-3C4F-4584-AF82-0B4D02D44EE2}"
EndProject
Project("{FAE04EC0-301F-11D3-BF4B-00C04F79EFBC}") = "MAI.Tests", "MAI.Tests\MAI.Tests.csproj", "{19D25C66-27B1-4158-ACB7-52AE0B833BF7}"
EndProject
Project("{FAE04EC0-301F-11D3-BF4B-00C04F79EFBC}") = "MAI.IntegrationTests", "MAI.IntegrationTests\MAI.IntegrationTests.csproj", "{A1B2C3D4-E5F6-7890-ABCD-EF1234567890}"
EndProject
Global
	GlobalSection(SolutionConfigurationPlatforms) = preSolution
		Debug|Any CPU = Debug|Any CPU
		Release|Any CPU = Release|Any CPU
	EndGlobalSection
	GlobalSection(ProjectConfigurationPlatforms) = postSolution
		{F03E5584-2ACF-4E62-9499-2ECE29F21630}.Debug|Any CPU.ActiveCfg = Debug|Any CPU
		{F03E5584-2ACF-4E62-9499-2ECE29F21630}.Debug|Any CPU.Build.0 = Debug|Any CPU
		{F03E5584-2ACF-4E62-9499-2ECE29F21630}.Release|Any CPU.ActiveCfg = Release|Any CPU
		{F03E5584-2ACF-4E62-9499-2ECE29F21630}.Release|Any CPU.Build.0 = Release|Any CPU
		{FC13A86C-0A81-471B-AD5B-292AF28BA706}.Debug|Any CPU.ActiveCfg = Debug|Any CPU
		{FC13A86C-0A81-471B-AD5B-292AF28BA706}.Debug|Any CPU.Build.0 = Debug|Any CPU
		{FC13A86C-0A81-471B-AD5B-292AF28BA706}.Release|Any CPU.ActiveCfg = Release|Any CPU
		{FC13A86C-0A81-471B-AD5B-292AF28BA706}.Release|Any CPU.Build.0 = Release|Any CPU
		{73DBFB23-8262-4526-98BE-403FF63B1023}.Debug|Any CPU.ActiveCfg = Debug|Any CPU
		{73DBFB23-8262-4526-98BE-403FF63B1023}.Debug|Any CPU.Build.0 = Debug|Any CPU
		{73DBFB23-8262-4526-98BE-403FF63B1023}.Release|Any CPU.ActiveCfg = Release|Any CPU
		{73DBFB23-8262-4526-98BE-403FF63B1023}.Release|Any CPU.Build.0 = Release|Any CPU
		{0F844B46-3C4F-4584-AF82-0B4D02D44EE2}.Debug|Any CPU.ActiveCfg = Debug|Any CPU
		{0F844B46-3C4F-4584-AF82-0B4D02D44EE2}.Debug|Any CPU.Build.0 = Debug|Any CPU
		{0F844B46-3C4F-4584-AF82-0B4D02D44EE2}.Release|Any CPU.ActiveCfg = Release|Any CPU
		{0F844B46-3C4F-4584-AF82-0B4D02D44EE2}.Release|Any CPU.Build.0 = Release|Any CPU
		{19D25C66-27B1-4158-ACB7-52AE0B833BF7}.Debug|Any CPU.ActiveCfg = Debug|Any CPU
		{19D25C66-27B1-4158-ACB7-52AE0B833BF7}.Debug|Any CPU.Build.0 = Debug|Any CPU
		{19D25C66-27B1-4158-ACB7-52AE0B833BF7}.Release|Any CPU.ActiveCfg = Release|Any CPU
		{19D25C66-27B1-4158-ACB7-52AE0B833BF7}.Release|Any CPU.Build.0 = Release|Any CPU
		{A1B2C3D4-E5F6-7890-ABCD-EF1234567890}.Debug|Any CPU.ActiveCfg = Debug|Any CPU
		{A1B2C3D4-E5F6-7890-ABCD-EF1234567890}.Debug|Any CPU.Build.0 = Debug|Any CPU
		{A1B2C3D4-E5F6-7890-ABCD-EF1234567890}.Release|Any CPU.ActiveCfg = Release|Any CPU
		{A1B2C3D4-E5F6-7890-ABCD-EF1234567890}.Release|Any CPU.Build.0 = Release|Any CPU
	EndGlobalSection
EndGlobal
